
Microsoft Visual Studio Solution File, Format Version 12.00
# Visual Studio Version 17
VisualStudioVersion = 17.6.33815.320
MinimumVisualStudioVersion = 10.0.40219.1
Project("{FAE04EC0-301F-11D3-BF4B-00C04F79EFBC}") = "Lab4", "Lab4.csproj", "{71540DFB-9A73-476B-8ADD-2A238D31974A}"
EndProject
Project("{FAE04EC0-301F-11D3-BF4B-00C04F79EFBC}") = "Lab4Classes", "..\Lab4Classes\Lab4Classes.csproj", "{3B7DB642-190B-4111-AB60-650F0ABFB7DF}"
EndProject
Global
	GlobalSection(SolutionConfigurationPlatforms) = preSolution
		Debug|Any CPU = Debug|Any CPU
		Release|Any CPU = Release|Any CPU
	EndGlobalSection
	GlobalSection(ProjectConfigurationPlatforms) = postSolution
		{71540DFB-9A73-476B-8ADD-2A238D31974A}.Debug|Any CPU.ActiveCfg = Debug|Any CPU
		{71540DFB-9A73-476B-8ADD-2A238D31974A}.Debug|Any CPU.Build.0 = Debug|Any CPU
		{71540DFB-9A73-476B-8ADD-2A238D31974A}.Release|Any CPU.ActiveCfg = Release|Any CPU
		{71540DFB-9A73-476B-8ADD-2A238D31974A}.Release|Any CPU.Build.0 = Release|Any CPU
		{3B7DB642-190B-4111-AB60-650F0ABFB7DF}.Debug|Any CPU.ActiveCfg = Debug|Any CPU
		{3B7DB642-190B-4111-AB60-650F0ABFB7DF}.Debug|Any CPU.Build.0 = Debug|Any CPU
		{3B7DB642-190B-4111-AB60-650F0ABFB7DF}.Release|Any CPU.ActiveCfg = Release|Any CPU
		{3B7DB642-190B-4111-AB60-650F0ABFB7DF}.Release|Any CPU.Build.0 = Release|Any CPU
	EndGlobalSection
	GlobalSection(SolutionProperties) = preSolution
		HideSolutionNode = FALSE
	EndGlobalSection
	GlobalSection(ExtensibilityGlobals) = postSolution
		SolutionGuid = {A85FA52E-EC20-490A-909B-5DAFF71B19F0}
	EndGlobalSection
EndGlobal
